
Microsoft Visual Studio Solution File, Format Version 12.00
# Visual Studio Version 17
VisualStudioVersion = 17.8.34525.116
MinimumVisualStudioVersion = 10.0.40219.1
Project("{FAE04EC0-301F-11D3-BF4B-00C04F79EFBC}") = "Module6MVVM.Android", "Module6MVVM\Module6MVVM.Android\Module6MVVM.Android.csproj", "{8E7BBCF0-0E30-468A-A95B-A9D48D6BABD2}"
EndProject
Project("{FAE04EC0-301F-11D3-BF4B-00C04F79EFBC}") = "Module6MVVM", "Module6MVVM\Module6MVVM\Module6MVVM.csproj", "{8707DCE4-1B82-4246-A6CB-065A1AED2D13}"
EndProject
Global
	GlobalSection(SolutionConfigurationPlatforms) = preSolution
		Debug|Any CPU = Debug|Any CPU
		Release|Any CPU = Release|Any CPU
	EndGlobalSection
	GlobalSection(ProjectConfigurationPlatforms) = postSolution
		{8E7BBCF0-0E30-468A-A95B-A9D48D6BABD2}.Debug|Any CPU.ActiveCfg = Debug|Any CPU
		{8E7BBCF0-0E30-468A-A95B-A9D48D6BABD2}.Debug|Any CPU.Build.0 = Debug|Any CPU
		{8E7BBCF0-0E30-468A-A95B-A9D48D6BABD2}.Debug|Any CPU.Deploy.0 = Debug|Any CPU
		{8E7BBCF0-0E30-468A-A95B-A9D48D6BABD2}.Release|Any CPU.ActiveCfg = Release|Any CPU
		{8E7BBCF0-0E30-468A-A95B-A9D48D6BABD2}.Release|Any CPU.Build.0 = Release|Any CPU
		{8E7BBCF0-0E30-468A-A95B-A9D48D6BABD2}.Release|Any CPU.Deploy.0 = Release|Any CPU
		{8707DCE4-1B82-4246-A6CB-065A1AED2D13}.Debug|Any CPU.ActiveCfg = Debug|Any CPU
		{8707DCE4-1B82-4246-A6CB-065A1AED2D13}.Debug|Any CPU.Build.0 = Debug|Any CPU
		{8707DCE4-1B82-4246-A6CB-065A1AED2D13}.Debug|Any CPU.Deploy.0 = Debug|Any CPU
		{8707DCE4-1B82-4246-A6CB-065A1AED2D13}.Release|Any CPU.ActiveCfg = Release|Any CPU
		{8707DCE4-1B82-4246-A6CB-065A1AED2D13}.Release|Any CPU.Build.0 = Release|Any CPU
		{8707DCE4-1B82-4246-A6CB-065A1AED2D13}.Release|Any CPU.Deploy.0 = Release|Any CPU
	EndGlobalSection
	GlobalSection(SolutionProperties) = preSolution
		HideSolutionNode = FALSE
	EndGlobalSection
	GlobalSection(ExtensibilityGlobals) = postSolution
		SolutionGuid = {7C54A3F7-A131-4AAE-8B9A-8148772030DB}
	EndGlobalSection
EndGlobal
